
Microsoft Visual Studio Solution File, Format Version 12.00
# Visual Studio Version 17
VisualStudioVersion = 17.3.32929.385
MinimumVisualStudioVersion = 10.0.40219.1
Project("{FAE04EC0-301F-11D3-BF4B-00C04F79EFBC}") = "lifecycleoftheconstructorinHeritence", "lifecycleoftheconstructorinHeritence\lifecycleoftheconstructorinHeritence.csproj", "{7E41A0FB-3DC9-46A7-B240-D3C512115E40}"
EndProject
Global
	GlobalSection(SolutionConfigurationPlatforms) = preSolution
		Debug|Any CPU = Debug|Any CPU
		Release|Any CPU = Release|Any CPU
	EndGlobalSection
	GlobalSection(ProjectConfigurationPlatforms) = postSolution
		{7E41A0FB-3DC9-46A7-B240-D3C512115E40}.Debug|Any CPU.ActiveCfg = Debug|Any CPU
		{7E41A0FB-3DC9-46A7-B240-D3C512115E40}.Debug|Any CPU.Build.0 = Debug|Any CPU
		{7E41A0FB-3DC9-46A7-B240-D3C512115E40}.Release|Any CPU.ActiveCfg = Release|Any CPU
		{7E41A0FB-3DC9-46A7-B240-D3C512115E40}.Release|Any CPU.Build.0 = Release|Any CPU
	EndGlobalSection
	GlobalSection(SolutionProperties) = preSolution
		HideSolutionNode = FALSE
	EndGlobalSection
	GlobalSection(ExtensibilityGlobals) = postSolution
		SolutionGuid = {E00B5189-14F0-467D-BD69-FA2735A415EA}
	EndGlobalSection
EndGlobal
